
Microsoft Visual Studio Solution File, Format Version 12.00
# Visual Studio Version 17
VisualStudioVersion = 17.4.33213.308
MinimumVisualStudioVersion = 10.0.40219.1
Project("{FAE04EC0-301F-11D3-BF4B-00C04F79EFBC}") = "ParkingSystem", "ParkingSystem\ParkingSystem.csproj", "{8B9CD397-D918-47C2-B574-40BA5A8C40BB}"
EndProject
Global
	GlobalSection(SolutionConfigurationPlatforms) = preSolution
		Debug|Any CPU = Debug|Any CPU
		Release|Any CPU = Release|Any CPU
	EndGlobalSection
	GlobalSection(ProjectConfigurationPlatforms) = postSolution
		{8B9CD397-D918-47C2-B574-40BA5A8C40BB}.Debug|Any CPU.ActiveCfg = Debug|Any CPU
		{8B9CD397-D918-47C2-B574-40BA5A8C40BB}.Debug|Any CPU.Build.0 = Debug|Any CPU
		{8B9CD397-D918-47C2-B574-40BA5A8C40BB}.Release|Any CPU.ActiveCfg = Release|Any CPU
		{8B9CD397-D918-47C2-B574-40BA5A8C40BB}.Release|Any CPU.Build.0 = Release|Any CPU
	EndGlobalSection
	GlobalSection(SolutionProperties) = preSolution
		HideSolutionNode = FALSE
	EndGlobalSection
	GlobalSection(ExtensibilityGlobals) = postSolution
		SolutionGuid = {27EA6F83-DC7C-4557-8BB7-45998E592CAB}
	EndGlobalSection
EndGlobal
